
Microsoft Visual Studio Solution File, Format Version 12.00
# Visual Studio Version 16
VisualStudioVersion = 16.0.29905.134
MinimumVisualStudioVersion = 10.0.40219.1
Project("{9A19103F-16F7-4668-BE54-9A1E7A4F7556}") = "ByodLauncher", "ByodLauncher.csproj", "{09083DF8-444C-4DF6-BE75-1986FA3BF9F6}"
EndProject
Global
	GlobalSection(SolutionConfigurationPlatforms) = preSolution
		Debug|Any CPU = Debug|Any CPU
		Release|Any CPU = Release|Any CPU
	EndGlobalSection
	GlobalSection(ProjectConfigurationPlatforms) = postSolution
		{09083DF8-444C-4DF6-BE75-1986FA3BF9F6}.Debug|Any CPU.ActiveCfg = Debug|Any CPU
		{09083DF8-444C-4DF6-BE75-1986FA3BF9F6}.Debug|Any CPU.Build.0 = Debug|Any CPU
		{09083DF8-444C-4DF6-BE75-1986FA3BF9F6}.Release|Any CPU.ActiveCfg = Release|Any CPU
		{09083DF8-444C-4DF6-BE75-1986FA3BF9F6}.Release|Any CPU.Build.0 = Release|Any CPU
	EndGlobalSection
	GlobalSection(SolutionProperties) = preSolution
		HideSolutionNode = FALSE
	EndGlobalSection
	GlobalSection(ExtensibilityGlobals) = postSolution
		SolutionGuid = {D54244DF-8858-4072-BBBF-5365696A718C}
	EndGlobalSection
EndGlobal
